
Microsoft Visual Studio Solution File, Format Version 12.00
# Visual Studio 14
VisualStudioVersion = 14.0.25420.1
MinimumVisualStudioVersion = 10.0.40219.1
Project("{FAE04EC0-301F-11D3-BF4B-00C04F79EFBC}") = "NerdDinner", "NerdDinner\NerdDinner.csproj", "{DC765CA7-A979-4812-A891-99CBE542CD6B}"
EndProject
Project("{FAE04EC0-301F-11D3-BF4B-00C04F79EFBC}") = "NerdDinner.Tests", "NerdDinner.Tests\NerdDinner.Tests.csproj", "{809EEC8F-DC4A-4396-8D03-0E0FDADBC72F}"
EndProject
Global
	GlobalSection(SolutionConfigurationPlatforms) = preSolution
		Debug|Any CPU = Debug|Any CPU
		Release|Any CPU = Release|Any CPU
	EndGlobalSection
	GlobalSection(ProjectConfigurationPlatforms) = postSolution
		{DC765CA7-A979-4812-A891-99CBE542CD6B}.Debug|Any CPU.ActiveCfg = Debug|Any CPU
		{DC765CA7-A979-4812-A891-99CBE542CD6B}.Debug|Any CPU.Build.0 = Debug|Any CPU
		{DC765CA7-A979-4812-A891-99CBE542CD6B}.Release|Any CPU.ActiveCfg = Release|Any CPU
		{DC765CA7-A979-4812-A891-99CBE542CD6B}.Release|Any CPU.Build.0 = Release|Any CPU
		{809EEC8F-DC4A-4396-8D03-0E0FDADBC72F}.Debug|Any CPU.ActiveCfg = Debug|Any CPU
		{809EEC8F-DC4A-4396-8D03-0E0FDADBC72F}.Debug|Any CPU.Build.0 = Debug|Any CPU
		{809EEC8F-DC4A-4396-8D03-0E0FDADBC72F}.Release|Any CPU.ActiveCfg = Release|Any CPU
		{809EEC8F-DC4A-4396-8D03-0E0FDADBC72F}.Release|Any CPU.Build.0 = Release|Any CPU
	EndGlobalSection
	GlobalSection(SolutionProperties) = preSolution
		HideSolutionNode = FALSE
	EndGlobalSection
EndGlobal
